
Microsoft Visual Studio Solution File, Format Version 12.00
# Visual Studio Version 16
VisualStudioVersion = 16.0.31410.357
MinimumVisualStudioVersion = 10.0.40219.1
Project("{FAE04EC0-301F-11D3-BF4B-00C04F79EFBC}") = "pr-32_prakt17_3_OAP_ZhuravlevTimofeyVasilievich", "pr-32_prakt17_3_OAP_ZhuravlevTimofeyVasilievich\pr-32_prakt17_3_OAP_ZhuravlevTimofeyVasilievich.csproj", "{8343F79E-0687-403D-8E75-8E6299FC2E08}"
EndProject
Global
	GlobalSection(SolutionConfigurationPlatforms) = preSolution
		Debug|Any CPU = Debug|Any CPU
		Release|Any CPU = Release|Any CPU
	EndGlobalSection
	GlobalSection(ProjectConfigurationPlatforms) = postSolution
		{8343F79E-0687-403D-8E75-8E6299FC2E08}.Debug|Any CPU.ActiveCfg = Debug|Any CPU
		{8343F79E-0687-403D-8E75-8E6299FC2E08}.Debug|Any CPU.Build.0 = Debug|Any CPU
		{8343F79E-0687-403D-8E75-8E6299FC2E08}.Release|Any CPU.ActiveCfg = Release|Any CPU
		{8343F79E-0687-403D-8E75-8E6299FC2E08}.Release|Any CPU.Build.0 = Release|Any CPU
	EndGlobalSection
	GlobalSection(SolutionProperties) = preSolution
		HideSolutionNode = FALSE
	EndGlobalSection
	GlobalSection(ExtensibilityGlobals) = postSolution
		SolutionGuid = {DF8B687E-E04E-4203-9083-0D5F22489B0B}
	EndGlobalSection
EndGlobal
